
Microsoft Visual Studio Solution File, Format Version 12.00
# Visual Studio 15
VisualStudioVersion = 15.0.27130.2010
MinimumVisualStudioVersion = 10.0.40219.1
Project("{FAE04EC0-301F-11D3-BF4B-00C04F79EFBC}") = "CSRepl", "CSRepl\CSRepl.csproj", "{56067BA7-5FE3-4573-8CFC-F609BB9FAFCA}"
EndProject
Project("{FAE04EC0-301F-11D3-BF4B-00C04F79EFBC}") = "ReplEngine", "ReplEngine\ReplEngine.csproj", "{0FC4E095-16E0-404E-AF69-0BC820C04749}"
EndProject
Global
	GlobalSection(SolutionConfigurationPlatforms) = preSolution
		Debug|Any CPU = Debug|Any CPU
		Release|Any CPU = Release|Any CPU
	EndGlobalSection
	GlobalSection(ProjectConfigurationPlatforms) = postSolution
		{56067BA7-5FE3-4573-8CFC-F609BB9FAFCA}.Debug|Any CPU.ActiveCfg = Debug|Any CPU
		{56067BA7-5FE3-4573-8CFC-F609BB9FAFCA}.Debug|Any CPU.Build.0 = Debug|Any CPU
		{56067BA7-5FE3-4573-8CFC-F609BB9FAFCA}.Release|Any CPU.ActiveCfg = Release|Any CPU
		{56067BA7-5FE3-4573-8CFC-F609BB9FAFCA}.Release|Any CPU.Build.0 = Release|Any CPU
		{0FC4E095-16E0-404E-AF69-0BC820C04749}.Debug|Any CPU.ActiveCfg = Debug|Any CPU
		{0FC4E095-16E0-404E-AF69-0BC820C04749}.Debug|Any CPU.Build.0 = Debug|Any CPU
		{0FC4E095-16E0-404E-AF69-0BC820C04749}.Release|Any CPU.ActiveCfg = Release|Any CPU
		{0FC4E095-16E0-404E-AF69-0BC820C04749}.Release|Any CPU.Build.0 = Release|Any CPU
	EndGlobalSection
	GlobalSection(SolutionProperties) = preSolution
		HideSolutionNode = FALSE
	EndGlobalSection
	GlobalSection(ExtensibilityGlobals) = postSolution
		SolutionGuid = {DF52AE57-A8F8-47CF-9B7C-CA5283BEC42E}
	EndGlobalSection
EndGlobal
